// !$*UTF8*$!
{
	archiveVersion = 1;
	classes = {
	};
	objectVersion = 46;
	objects = {

/* Begin PBXBuildFile section */
		FCA31A841D31DCE500E9CAF4 /* AppDelegate.swift in Sources */ = {isa = PBXBuildFile; fileRef = FCA31A831D31DCE500E9CAF4 /* AppDelegate.swift */; };
		FCA31A861D31DCE500E9CAF4 /* Assets.xcassets in Resources */ = {isa = PBXBuildFile; fileRef = FCA31A851D31DCE500E9CAF4 /* Assets.xcassets */; };
		FCA31A891D31DCE500E9CAF4 /* MainMenu.xib in Resources */ = {isa = PBXBuildFile; fileRef = FCA31A871D31DCE500E9CAF4 /* MainMenu.xib */; };
/* End PBXBuildFile section */

/* Begin PBXFileReference section */
		FCA31A801D31DCE500E9CAF4 /* ListenedSwitft.app */ = {isa = PBXFileReference; explicitFileType = wrapper.application; includeInIndex = 0; path = ListenedSwitft.app; sourceTree = BUILT_PRODUCTS_DIR; };
		FCA31A831D31DCE500E9CAF4 /* AppDelegate.swift */ = {isa = PBXFileReference; lastKnownFileType = sourcecode.swift; path = AppDelegate.swift; sourceTree = "<group>"; };
		FCA31A851D31DCE500E9CAF4 /* Assets.xcassets */ = {isa = PBXFileReference; lastKnownFileType = folder.assetcatalog; path = Assets.xcassets; sourceTree = "<group>"; };
		FCA31A881D31DCE500E9CAF4 /* Base */ = {isa = PBXFileReference; lastKnownFileType = file.xib; name = Base; path = Base.lproj/MainMenu.xib; sourceTree = "<group>"; };
		FCA31A8A1D31DCE500E9CAF4 /* Info.plist */ = {isa = PBXFileReference; lastKnownFileType = text.plist.xml; path = Info.plist; sourceTree = "<group>"; };
/* End PBXFileReference section */

/* Begin PBXFrameworksBuildPhase section */
		FCA31A7D1D31DCE500E9CAF4 /* Frameworks */ = {
			isa = PBXFrameworksBuildPhase;
			buildActionMask = 2147483647;
			files = (
			);
			runOnlyForDeploymentPostprocessing = 0;
		};
/* End PBXFrameworksBuildPhase section */

/* Begin PBXGroup section */
		FCA31A771D31DCE500E9CAF4 = {
			isa = PBXGroup;
			children = (
				FCA31A821D31DCE500E9CAF4 /* ListenedSwitft */,
				FCA31A811D31DCE500E9CAF4 /* Products */,
			);
			sourceTree = "<group>";
		};
		FCA31A811D31DCE500E9CAF4 /* Products */ = {
			isa = PBXGroup;
			children = (
				FCA31A801D31DCE500E9CAF4 /* ListenedSwitft.app */,
			);
			name = Products;
			sourceTree = "<group>";
		};
		FCA31A821D31DCE500E9CAF4 /* ListenedSwitft */ = {
			isa = PBXGroup;
			children = (
				FCA31A831D31DCE500E9CAF4 /* AppDelegate.swift */,
				FCA31A851D31DCE500E9CAF4 /* Assets.xcassets */,
				FCA31A871D31DCE500E9CAF4 /* MainMenu.xib */,
				FCA31A8A1D31DCE500E9CAF4 /* Info.plist */,
			);
			path = ListenedSwitft;
			sourceTree = "<group>";
		};
/* End PBXGroup section */

/* Begin PBXNativeTarget section */
		FCA31A7F1D31DCE500E9CAF4 /* ListenedSwitft */ = {
			isa = PBXNativeTarget;
			buildConfigurationList = FCA31A8D1D31DCE500E9CAF4 /* Build configuration list for PBXNativeTarget "ListenedSwitft" */;
			buildPhases = (
				FCA31A7C1D31DCE500E9CAF4 /* Sources */,
				FCA31A7D1D31DCE500E9CAF4 /* Frameworks */,
				FCA31A7E1D31DCE500E9CAF4 /* Resources */,
			);
			buildRules = (
			);
			dependencies = (
			);
			name = ListenedSwitft;
			productName = ListenedSwitft;
			productReference = FCA31A801D31DCE500E9CAF4 /* ListenedSwitft.app */;
			productType = "com.apple.product-type.application";
		};
/* End PBXNativeTarget section */

/* Begin PBXProject section */
		FCA31A781D31DCE500E9CAF4 /* Project object */ = {
			isa = PBXProject;
			attributes = {
				LastSwiftUpdateCheck = 0730;
				LastUpgradeCheck = 0730;
				ORGANIZATIONNAME = "Jonathan Wojcik";
				TargetAttributes = {
					FCA31A7F1D31DCE500E9CAF4 = {
						CreatedOnToolsVersion = 7.3.1;
					};
				};
			};
			buildConfigurationList = FCA31A7B1D31DCE500E9CAF4 /* Build configuration list for PBXProject "ListenedSwitft" */;
			compatibilityVersion = "Xcode 3.2";
			developmentRegion = English;
			hasScannedForEncodings = 0;
			knownRegions = (
				en,
				Base,
			);
			mainGroup = FCA31A771D31DCE500E9CAF4;
			productRefGroup = FCA31A811D31DCE500E9CAF4 /* Products */;
			projectDirPath = "";
			projectRoot = "";
			targets = (
				FCA31A7F1D31DCE500E9CAF4 /* ListenedSwitft */,
			);
		};
/* End PBXProject section */

/* Begin PBXResourcesBuildPhase section */
		FCA31A7E1D31DCE500E9CAF4 /* Resources */ = {
			isa = PBXResourcesBuildPhase;
			buildActionMask = 2147483647;
			files = (
				FCA31A861D31DCE500E9CAF4 /* Assets.xcassets in Resources */,
				FCA31A891D31DCE500E9CAF4 /* MainMenu.xib in Resources */,
			);
			runOnlyForDeploymentPostprocessing = 0;
		};
/* End PBXResourcesBuildPhase section */

/* Begin PBXSourcesBuildPhase section */
		FCA31A7C1D31DCE500E9CAF4 /* Sources */ = {
			isa = PBXSourcesBuildPhase;
			buildActionMask = 2147483647;
			files = (
				FCA31A841D31DCE500E9CAF4 /* AppDelegate.swift in Sources */,
			);
			runOnlyForDeploymentPostprocessing = 0;
		};
/* End PBXSourcesBuildPhase section */

/* Begin PBXVariantGroup section */
		FCA31A871D31DCE500E9CAF4 /* MainMenu.xib */ = {
			isa = PBXVariantGroup;
			children = (
				FCA31A881D31DCE500E9CAF4 /* Base */,
			);
			name = MainMenu.xib;
			sourceTree = "<group>";
		};
/* End PBXVariantGroup section */

/* Begin XCBuildConfiguration section */
		FCA31A8B1D31DCE500E9CAF4 /* Debug */ = {
			isa = XCBuildConfiguration;
			buildSettings = {
				ALWAYS_SEARCH_USER_PATHS = NO;
				CLANG_ANALYZER_NONNULL = YES;
				CLANG_CXX_LANGUAGE_STANDARD = "gnu++0x";
				CLANG_CXX_LIBRARY = "libc++";
				CLANG_ENABLE_MODULES = YES;
				CLANG_ENABLE_OBJC_ARC = YES;
				CLANG_WARN_BOOL_CONVERSION = YES;
				CLANG_WARN_CONSTANT_CONVERSION = YES;
				CLANG_WARN_DIRECT_OBJC_ISA_USAGE = YES_ERROR;
				CLANG_WARN_EMPTY_BODY = YES;
				CLANG_WARN_ENUM_CONVERSION = YES;
				CLANG_WARN_INT_CONVERSION = YES;
				CLANG_WARN_OBJC_ROOT_CLASS = YES_ERROR;
				CLANG_WARN_UNREACHABLE_CODE = YES;
				CLANG_WARN__DUPLICATE_METHOD_MATCH = YES;
				CODE_SIGN_IDENTITY = "-";
				COPY_PHASE_STRIP = NO;
				DEBUG_INFORMATION_FORMAT = dwarf;
				ENABLE_STRICT_OBJC_MSGSEND = YES;
				ENABLE_TESTABILITY = YES;
				GCC_C_LANGUAGE_STANDARD = gnu99;
				GCC_DYNAMIC_NO_PIC = NO;
				GCC_NO_COMMON_BLOCKS = YES;
				GCC_OPTIMIZATION_LEVEL = 0;
				GCC_PREPROCESSOR_DEFINITIONS = (
					"DEBUG=1",
					"$(inherited)",
				);
				GCC_WARN_64_TO_32_BIT_CONVERSION = YES;
				GCC_WARN_ABOUT_RETURN_TYPE = YES_ERROR;
				GCC_WARN_UNDECLARED_SELECTOR = YES;
				GCC_WARN_UNINITIALIZED_AUTOS = YES_AGGRESSIVE;
				GCC_WARN_UNUSED_FUNCTION = YES;
				GCC_WARN_UNUSED_VARIABLE = YES;
				MACOSX_DEPLOYMENT_TARGET = 10.11;
				MTL_ENABLE_DEBUG_INFO = YES;
				ONLY_ACTIVE_ARCH = YES;
				SDKROOT = macosx;
				SWIFT_OPTIMIZATION_LEVEL = "-Onone";
			};
			name = Debug;
		};
		FCA31A8C1D31DCE500E9CAF4 /* Release */ = {
			isa = XCBuildConfiguration;
			buildSettings = {
				ALWAYS_SEARCH_USER_PATHS = NO;
				CLANG_ANALYZER_NONNULL = YES;
				CLANG_CXX_LANGUAGE_STANDARD = "gnu++0x";
				CLANG_CXX_LIBRARY = "libc++";
				CLANG_ENABLE_MODULES = YES;
				CLANG_ENABLE_OBJC_ARC = YES;
				CLANG_WARN_BOOL_CONVERSION = YES;
				CLANG_WARN_CONSTANT_CONVERSION = YES;
				CLANG_WARN_DIRECT_OBJC_ISA_USAGE = YES_ERROR;
				CLANG_WARN_EMPTY_BODY = YES;
				CLANG_WARN_ENUM_CONVERSION = YES;
				CLANG_WARN_INT_CONVERSION = YES;
				CLANG_WARN_OBJC_ROOT_CLASS = YES_ERROR;
				CLANG_WARN_UNREACHABLE_CODE = YES;
				CLANG_WARN__DUPLICATE_METHOD_MATCH = YES;
				CODE_SIGN_IDENTITY = "-";
				COPY_PHASE_STRIP = NO;
				DEBUG_INFORMATION_FORMAT = "dwarf-with-dsym";
				ENABLE_NS_ASSERTIONS = NO;
				ENABLE_STRICT_OBJC_MSGSEND = YES;
				GCC_C_LANGUAGE_STANDARD = gnu99;
				GCC_NO_COMMON_BLOCKS = YES;
				GCC_WARN_64_TO_32_BIT_CONVERSION = YES;
				GCC_WARN_ABOUT_RETURN_TYPE = YES_ERROR;
				GCC_WARN_UNDECLARED_SELECTOR = YES;
				GCC_WARN_UNINITIALIZED_AUTOS = YES_AGGRESSIVE;
				GCC_WARN_UNUSED_FUNCTION = YES;
				GCC_WARN_UNUSED_VARIABLE = YES;
				MACOSX_DEPLOYMENT_TARGET = 10.11;
				MTL_ENABLE_DEBUG_INFO = NO;
				SDKROOT = macosx;
			};
			name = Release;
		};
		FCA31A8E1D31DCE500E9CAF4 /* Debug */ = {
			isa = XCBuildConfiguration;
			buildSettings = {
				ASSETCATALOG_COMPILER_APPICON_NAME = AppIcon;
				COMBINE_HIDPI_IMAGES = YES;
				INFOPLIST_FILE = ListenedSwitft/Info.plist;
				LD_RUNPATH_SEARCH_PATHS = "$(inherited) @executable_path/../Frameworks";
				PRODUCT_BUNDLE_IDENTIFIER = JonWojcik.ListenedSwitft;
				PRODUCT_NAME = "$(TARGET_NAME)";
			};
			name = Debug;
		};
		FCA31A8F1D31DCE500E9CAF4 /* Release */ = {
			isa = XCBuildConfiguration;
			buildSettings = {
				ASSETCATALOG_COMPILER_APPICON_NAME = AppIcon;
				COMBINE_HIDPI_IMAGES = YES;
				INFOPLIST_FILE = ListenedSwitft/Info.plist;
				LD_RUNPATH_SEARCH_PATHS = "$(inherited) @executable_path/../Frameworks";
				PRODUCT_BUNDLE_IDENTIFIER = JonWojcik.ListenedSwitft;
				PRODUCT_NAME = "$(TARGET_NAME)";
			};
			name = Release;
		};
/* End XCBuildConfiguration section */

/* Begin XCConfigurationList section */
		FCA31A7B1D31DCE500E9CAF4 /* Build configuration list for PBXProject "ListenedSwitft" */ = {
			isa = XCConfigurationList;
			buildConfigurations = (
				FCA31A8B1D31DCE500E9CAF4 /* Debug */,
				FCA31A8C1D31DCE500E9CAF4 /* Release */,
			);
			defaultConfigurationIsVisible = 0;
			defaultConfigurationName = Release;
		};
		FCA31A8D1D31DCE500E9CAF4 /* Build configuration list for PBXNativeTarget "ListenedSwitft" */ = {
			isa = XCConfigurationList;
			buildConfigurations = (
				FCA31A8E1D31DCE500E9CAF4 /* Debug */,
				FCA31A8F1D31DCE500E9CAF4 /* Release */,
			);
			defaultConfigurationIsVisible = 0;
		};
/* End XCConfigurationList section */
	};
	rootObject = FCA31A781D31DCE500E9CAF4 /* Project object */;
}
